
Microsoft Visual Studio Solution File, Format Version 12.00
# Visual Studio Version 17
VisualStudioVersion = 17.8.34330.188
MinimumVisualStudioVersion = 10.0.40219.1
Project("{FAE04EC0-301F-11D3-BF4B-00C04F79EFBC}") = "Achuan的PPT插件", "Achuan的PPT插件\Achuan的PPT插件.csproj", "{14669081-EC6F-4D84-B2B1-5FAA420D2377}"
EndProject
Global
	GlobalSection(SolutionConfigurationPlatforms) = preSolution
		Debug|Any CPU = Debug|Any CPU
		Release|Any CPU = Release|Any CPU
	EndGlobalSection
	GlobalSection(ProjectConfigurationPlatforms) = postSolution
		{14669081-EC6F-4D84-B2B1-5FAA420D2377}.Debug|Any CPU.ActiveCfg = Debug|Any CPU
		{14669081-EC6F-4D84-B2B1-5FAA420D2377}.Debug|Any CPU.Build.0 = Debug|Any CPU
		{14669081-EC6F-4D84-B2B1-5FAA420D2377}.Release|Any CPU.ActiveCfg = Release|Any CPU
		{14669081-EC6F-4D84-B2B1-5FAA420D2377}.Release|Any CPU.Build.0 = Release|Any CPU
	EndGlobalSection
	GlobalSection(SolutionProperties) = preSolution
		HideSolutionNode = FALSE
	EndGlobalSection
	GlobalSection(ExtensibilityGlobals) = postSolution
		SolutionGuid = {702B99BB-DB1E-4C8B-BA4C-E7A3E125FC66}
	EndGlobalSection
EndGlobal
